
Microsoft Visual Studio Solution File, Format Version 12.00
# Visual Studio 15
VisualStudioVersion = 15.0.28010.2016
MinimumVisualStudioVersion = 10.0.40219.1
Project("{8BC9CEB8-8B4A-11D0-8D11-00A0C91BC942}") = "grades", "grades\grades.vcxproj", "{3199DDA6-1C2A-4FB6-945C-8C90F67C5F85}"
EndProject
Global
	GlobalSection(SolutionConfigurationPlatforms) = preSolution
		Debug|x64 = Debug|x64
		Debug|x86 = Debug|x86
		Release|x64 = Release|x64
		Release|x86 = Release|x86
	EndGlobalSection
	GlobalSection(ProjectConfigurationPlatforms) = postSolution
		{3199DDA6-1C2A-4FB6-945C-8C90F67C5F85}.Debug|x64.ActiveCfg = Debug|x64
		{3199DDA6-1C2A-4FB6-945C-8C90F67C5F85}.Debug|x64.Build.0 = Debug|x64
		{3199DDA6-1C2A-4FB6-945C-8C90F67C5F85}.Debug|x86.ActiveCfg = Debug|Win32
		{3199DDA6-1C2A-4FB6-945C-8C90F67C5F85}.Debug|x86.Build.0 = Debug|Win32
		{3199DDA6-1C2A-4FB6-945C-8C90F67C5F85}.Release|x64.ActiveCfg = Release|x64
		{3199DDA6-1C2A-4FB6-945C-8C90F67C5F85}.Release|x64.Build.0 = Release|x64
		{3199DDA6-1C2A-4FB6-945C-8C90F67C5F85}.Release|x86.ActiveCfg = Release|Win32
		{3199DDA6-1C2A-4FB6-945C-8C90F67C5F85}.Release|x86.Build.0 = Release|Win32
	EndGlobalSection
	GlobalSection(SolutionProperties) = preSolution
		HideSolutionNode = FALSE
	EndGlobalSection
	GlobalSection(ExtensibilityGlobals) = postSolution
		SolutionGuid = {3F49BB92-8877-414F-AC54-4B9337D6F721}
	EndGlobalSection
EndGlobal
