
Microsoft Visual Studio Solution File, Format Version 12.00
# Visual Studio 15
VisualStudioVersion = 15.0.28010.2016
MinimumVisualStudioVersion = 10.0.40219.1
Project("{8BC9CEB8-8B4A-11D0-8D11-00A0C91BC942}") = "hiTemp", "hiTemp\hiTemp.vcxproj", "{7FC509B0-E689-42D0-BE6E-B9C708AA814E}"
EndProject
Global
	GlobalSection(SolutionConfigurationPlatforms) = preSolution
		Debug|x64 = Debug|x64
		Debug|x86 = Debug|x86
		Release|x64 = Release|x64
		Release|x86 = Release|x86
	EndGlobalSection
	GlobalSection(ProjectConfigurationPlatforms) = postSolution
		{7FC509B0-E689-42D0-BE6E-B9C708AA814E}.Debug|x64.ActiveCfg = Debug|x64
		{7FC509B0-E689-42D0-BE6E-B9C708AA814E}.Debug|x64.Build.0 = Debug|x64
		{7FC509B0-E689-42D0-BE6E-B9C708AA814E}.Debug|x86.ActiveCfg = Debug|Win32
		{7FC509B0-E689-42D0-BE6E-B9C708AA814E}.Debug|x86.Build.0 = Debug|Win32
		{7FC509B0-E689-42D0-BE6E-B9C708AA814E}.Release|x64.ActiveCfg = Release|x64
		{7FC509B0-E689-42D0-BE6E-B9C708AA814E}.Release|x64.Build.0 = Release|x64
		{7FC509B0-E689-42D0-BE6E-B9C708AA814E}.Release|x86.ActiveCfg = Release|Win32
		{7FC509B0-E689-42D0-BE6E-B9C708AA814E}.Release|x86.Build.0 = Release|Win32
	EndGlobalSection
	GlobalSection(SolutionProperties) = preSolution
		HideSolutionNode = FALSE
	EndGlobalSection
	GlobalSection(ExtensibilityGlobals) = postSolution
		SolutionGuid = {0BF0ED8B-AC29-4BCC-92B9-D3F48F90FD2E}
	EndGlobalSection
EndGlobal
