
Microsoft Visual Studio Solution File, Format Version 12.00
# Visual Studio 15
VisualStudioVersion = 15.0.28010.2016
MinimumVisualStudioVersion = 10.0.40219.1
Project("{8BC9CEB8-8B4A-11D0-8D11-00A0C91BC942}") = "coin", "coin\coin.vcxproj", "{4169FD0D-3ED2-4170-815B-0AF2F78451DC}"
EndProject
Global
	GlobalSection(SolutionConfigurationPlatforms) = preSolution
		Debug|x64 = Debug|x64
		Debug|x86 = Debug|x86
		Release|x64 = Release|x64
		Release|x86 = Release|x86
	EndGlobalSection
	GlobalSection(ProjectConfigurationPlatforms) = postSolution
		{4169FD0D-3ED2-4170-815B-0AF2F78451DC}.Debug|x64.ActiveCfg = Debug|x64
		{4169FD0D-3ED2-4170-815B-0AF2F78451DC}.Debug|x64.Build.0 = Debug|x64
		{4169FD0D-3ED2-4170-815B-0AF2F78451DC}.Debug|x86.ActiveCfg = Debug|Win32
		{4169FD0D-3ED2-4170-815B-0AF2F78451DC}.Debug|x86.Build.0 = Debug|Win32
		{4169FD0D-3ED2-4170-815B-0AF2F78451DC}.Release|x64.ActiveCfg = Release|x64
		{4169FD0D-3ED2-4170-815B-0AF2F78451DC}.Release|x64.Build.0 = Release|x64
		{4169FD0D-3ED2-4170-815B-0AF2F78451DC}.Release|x86.ActiveCfg = Release|Win32
		{4169FD0D-3ED2-4170-815B-0AF2F78451DC}.Release|x86.Build.0 = Release|Win32
	EndGlobalSection
	GlobalSection(SolutionProperties) = preSolution
		HideSolutionNode = FALSE
	EndGlobalSection
	GlobalSection(ExtensibilityGlobals) = postSolution
		SolutionGuid = {2AA3DDEB-2DE2-4B6A-B08B-F1D6DAB0EAE2}
	EndGlobalSection
EndGlobal
