
Microsoft Visual Studio Solution File, Format Version 12.00
# Visual Studio 15
VisualStudioVersion = 15.0.28010.2016
MinimumVisualStudioVersion = 10.0.40219.1
Project("{8BC9CEB8-8B4A-11D0-8D11-00A0C91BC942}") = "Functions practice", "Functions practice\Functions practice.vcxproj", "{8A169160-87B0-471F-80B1-F5B18D60D132}"
EndProject
Global
	GlobalSection(SolutionConfigurationPlatforms) = preSolution
		Debug|x64 = Debug|x64
		Debug|x86 = Debug|x86
		Release|x64 = Release|x64
		Release|x86 = Release|x86
	EndGlobalSection
	GlobalSection(ProjectConfigurationPlatforms) = postSolution
		{8A169160-87B0-471F-80B1-F5B18D60D132}.Debug|x64.ActiveCfg = Debug|x64
		{8A169160-87B0-471F-80B1-F5B18D60D132}.Debug|x64.Build.0 = Debug|x64
		{8A169160-87B0-471F-80B1-F5B18D60D132}.Debug|x86.ActiveCfg = Debug|Win32
		{8A169160-87B0-471F-80B1-F5B18D60D132}.Debug|x86.Build.0 = Debug|Win32
		{8A169160-87B0-471F-80B1-F5B18D60D132}.Release|x64.ActiveCfg = Release|x64
		{8A169160-87B0-471F-80B1-F5B18D60D132}.Release|x64.Build.0 = Release|x64
		{8A169160-87B0-471F-80B1-F5B18D60D132}.Release|x86.ActiveCfg = Release|Win32
		{8A169160-87B0-471F-80B1-F5B18D60D132}.Release|x86.Build.0 = Release|Win32
	EndGlobalSection
	GlobalSection(SolutionProperties) = preSolution
		HideSolutionNode = FALSE
	EndGlobalSection
	GlobalSection(ExtensibilityGlobals) = postSolution
		SolutionGuid = {3EDCB12C-CE67-4ADD-9620-0E4AE99A71B1}
	EndGlobalSection
EndGlobal
